
Microsoft Visual Studio Solution File, Format Version 12.00
# Visual Studio Version 17
VisualStudioVersion = 17.2.32616.157
MinimumVisualStudioVersion = 10.0.40219.1
Project("{FAE04EC0-301F-11D3-BF4B-00C04F79EFBC}") = "TestApi", "TestApi\TestApi.csproj", "{C5C6B0FB-89EA-4DF4-964F-F326DCFA0C52}"
EndProject
Project("{FAE04EC0-301F-11D3-BF4B-00C04F79EFBC}") = "TestClient", "TestClient\TestClient.csproj", "{F9A1582E-D56A-43D9-8AEA-B8CB4D27405B}"
EndProject
Global
	GlobalSection(SolutionConfigurationPlatforms) = preSolution
		Debug|Any CPU = Debug|Any CPU
		Release|Any CPU = Release|Any CPU
	EndGlobalSection
	GlobalSection(ProjectConfigurationPlatforms) = postSolution
		{C5C6B0FB-89EA-4DF4-964F-F326DCFA0C52}.Debug|Any CPU.ActiveCfg = Debug|Any CPU
		{C5C6B0FB-89EA-4DF4-964F-F326DCFA0C52}.Debug|Any CPU.Build.0 = Debug|Any CPU
		{C5C6B0FB-89EA-4DF4-964F-F326DCFA0C52}.Release|Any CPU.ActiveCfg = Release|Any CPU
		{C5C6B0FB-89EA-4DF4-964F-F326DCFA0C52}.Release|Any CPU.Build.0 = Release|Any CPU
		{F9A1582E-D56A-43D9-8AEA-B8CB4D27405B}.Debug|Any CPU.ActiveCfg = Debug|Any CPU
		{F9A1582E-D56A-43D9-8AEA-B8CB4D27405B}.Debug|Any CPU.Build.0 = Debug|Any CPU
		{F9A1582E-D56A-43D9-8AEA-B8CB4D27405B}.Release|Any CPU.ActiveCfg = Release|Any CPU
		{F9A1582E-D56A-43D9-8AEA-B8CB4D27405B}.Release|Any CPU.Build.0 = Release|Any CPU
	EndGlobalSection
	GlobalSection(SolutionProperties) = preSolution
		HideSolutionNode = FALSE
	EndGlobalSection
	GlobalSection(ExtensibilityGlobals) = postSolution
		SolutionGuid = {02E05F64-5C63-4260-8BD1-BA03D229AD03}
	EndGlobalSection
EndGlobal
